
Microsoft Visual Studio Solution File, Format Version 12.00
# Visual Studio Version 17
VisualStudioVersion = 17.7.34221.43
MinimumVisualStudioVersion = 10.0.40219.1
Project("{FAE04EC0-301F-11D3-BF4B-00C04F79EFBC}") = "Exercise6", "Exercise6.csproj", "{BC96DE4F-9513-40C9-B819-57C84FC28E89}"
EndProject
Global
	GlobalSection(SolutionConfigurationPlatforms) = preSolution
		Debug|Any CPU = Debug|Any CPU
		Release|Any CPU = Release|Any CPU
	EndGlobalSection
	GlobalSection(ProjectConfigurationPlatforms) = postSolution
		{BC96DE4F-9513-40C9-B819-57C84FC28E89}.Debug|Any CPU.ActiveCfg = Debug|Any CPU
		{BC96DE4F-9513-40C9-B819-57C84FC28E89}.Debug|Any CPU.Build.0 = Debug|Any CPU
		{BC96DE4F-9513-40C9-B819-57C84FC28E89}.Release|Any CPU.ActiveCfg = Release|Any CPU
		{BC96DE4F-9513-40C9-B819-57C84FC28E89}.Release|Any CPU.Build.0 = Release|Any CPU
	EndGlobalSection
	GlobalSection(SolutionProperties) = preSolution
		HideSolutionNode = FALSE
	EndGlobalSection
	GlobalSection(ExtensibilityGlobals) = postSolution
		SolutionGuid = {DE5A8875-BDE5-46AE-B45F-45C448514363}
	EndGlobalSection
EndGlobal
