
Microsoft Visual Studio Solution File, Format Version 12.00
# Visual Studio Version 17
VisualStudioVersion = 17.7.34221.43
MinimumVisualStudioVersion = 10.0.40219.1
Project("{FAE04EC0-301F-11D3-BF4B-00C04F79EFBC}") = "Exercise7", "Exercise7.csproj", "{35B586FF-D3FB-40EE-8D86-E291A546C78D}"
EndProject
Global
	GlobalSection(SolutionConfigurationPlatforms) = preSolution
		Debug|Any CPU = Debug|Any CPU
		Release|Any CPU = Release|Any CPU
	EndGlobalSection
	GlobalSection(ProjectConfigurationPlatforms) = postSolution
		{35B586FF-D3FB-40EE-8D86-E291A546C78D}.Debug|Any CPU.ActiveCfg = Debug|Any CPU
		{35B586FF-D3FB-40EE-8D86-E291A546C78D}.Debug|Any CPU.Build.0 = Debug|Any CPU
		{35B586FF-D3FB-40EE-8D86-E291A546C78D}.Release|Any CPU.ActiveCfg = Release|Any CPU
		{35B586FF-D3FB-40EE-8D86-E291A546C78D}.Release|Any CPU.Build.0 = Release|Any CPU
	EndGlobalSection
	GlobalSection(SolutionProperties) = preSolution
		HideSolutionNode = FALSE
	EndGlobalSection
	GlobalSection(ExtensibilityGlobals) = postSolution
		SolutionGuid = {414EB57A-252E-4C94-A0D2-67B115F3AC32}
	EndGlobalSection
EndGlobal
